// !$*UTF8*$!
{
	archiveVersion = 1;
	classes = {
	};
	objectVersion = 56;
	objects = {

/* Begin PBXBuildFile section */
		FA123E582D00816100B67006 /* PennyTrailApp.swift in Sources */ = {isa = PBXBuildFile; fileRef = FA123E572D00816100B67006 /* PennyTrailApp.swift */; };
		FA123E5A2D00816100B67006 /* ContentView.swift in Sources */ = {isa = PBXBuildFile; fileRef = FA123E592D00816100B67006 /* ContentView.swift */; };
		FA123E5C2D00816400B67006 /* Assets.xcassets in Resources */ = {isa = PBXBuildFile; fileRef = FA123E5B2D00816400B67006 /* Assets.xcassets */; };
		FA123E5F2D00816400B67006 /* Preview Assets.xcassets in Resources */ = {isa = PBXBuildFile; fileRef = FA123E5E2D00816400B67006 /* Preview Assets.xcassets */; };
		FA123E6A2D008B1800B67006 /* LoginView.swift in Sources */ = {isa = PBXBuildFile; fileRef = FA123E692D008B1800B67006 /* LoginView.swift */; };
		FA123E6E2D00969400B67006 /* ColorsExtension.swift in Sources */ = {isa = PBXBuildFile; fileRef = FA123E6D2D00969400B67006 /* ColorsExtension.swift */; };
		FA183D292D0ACDD00065A61C /* PotsComponents.swift in Sources */ = {isa = PBXBuildFile; fileRef = FA183D282D0ACDD00065A61C /* PotsComponents.swift */; };
		FA183D2B2D0ACE650065A61C /* CardHeaderComponents.swift in Sources */ = {isa = PBXBuildFile; fileRef = FA183D2A2D0ACE650065A61C /* CardHeaderComponents.swift */; };
		FA183D2D2D0AD24C0065A61C /* SavedComponets.swift in Sources */ = {isa = PBXBuildFile; fileRef = FA183D2C2D0AD24C0065A61C /* SavedComponets.swift */; };
		FA183D2F2D0AD9430065A61C /* SavedItemComponent.swift in Sources */ = {isa = PBXBuildFile; fileRef = FA183D2E2D0AD9430065A61C /* SavedItemComponent.swift */; };
		FA183D312D0B70950065A61C /* TransactionItemComponent.swift in Sources */ = {isa = PBXBuildFile; fileRef = FA183D302D0B70950065A61C /* TransactionItemComponent.swift */; };
		FA183D332D0BF6C70065A61C /* TransactionComponent.swift in Sources */ = {isa = PBXBuildFile; fileRef = FA183D322D0BF6C60065A61C /* TransactionComponent.swift */; };
		FA183D362D0C0FF20065A61C /* DonutChart.swift in Sources */ = {isa = PBXBuildFile; fileRef = FA183D352D0C0FF20065A61C /* DonutChart.swift */; };
		FA183D382D0C154C0065A61C /* BudgetComponent.swift in Sources */ = {isa = PBXBuildFile; fileRef = FA183D372D0C154C0065A61C /* BudgetComponent.swift */; };
		FA183D3A2D0C33EC0065A61C /* RecurringComponent.swift in Sources */ = {isa = PBXBuildFile; fileRef = FA183D392D0C33EC0065A61C /* RecurringComponent.swift */; };
		FA183D3C2D0C34330065A61C /* RecuuringItemComponent.swift in Sources */ = {isa = PBXBuildFile; fileRef = FA183D3B2D0C34330065A61C /* RecuuringItemComponent.swift */; };
		FA183D3F2D0C3D030065A61C /* TransactionView.swift in Sources */ = {isa = PBXBuildFile; fileRef = FA183D3E2D0C3D030065A61C /* TransactionView.swift */; };
		FA183D412D0C3D1E0065A61C /* BudgetView.swift in Sources */ = {isa = PBXBuildFile; fileRef = FA183D402D0C3D1E0065A61C /* BudgetView.swift */; };
		FA183D442D0C3D4F0065A61C /* PotsView.swift in Sources */ = {isa = PBXBuildFile; fileRef = FA183D432D0C3D4F0065A61C /* PotsView.swift */; };
		FA183D462D0C3D860065A61C /* RecurringBillView.swift in Sources */ = {isa = PBXBuildFile; fileRef = FA183D452D0C3D860065A61C /* RecurringBillView.swift */; };
		FA183D482D0C3F2B0065A61C /* MainView.swift in Sources */ = {isa = PBXBuildFile; fileRef = FA183D472D0C3F2B0065A61C /* MainView.swift */; };
		FA183D4A2D0C5ED00065A61C /* SearchFieldComponent.swift in Sources */ = {isa = PBXBuildFile; fileRef = FA183D492D0C5ED00065A61C /* SearchFieldComponent.swift */; };
		FA183D4D2D0C6EAF0065A61C /* BudgetSummary.swift in Sources */ = {isa = PBXBuildFile; fileRef = FA183D4C2D0C6EAF0065A61C /* BudgetSummary.swift */; };
		FA183D4F2D0C6F500065A61C /* BudgetItemComponent.swift in Sources */ = {isa = PBXBuildFile; fileRef = FA183D4E2D0C6F500065A61C /* BudgetItemComponent.swift */; };
		FA183D512D0C706F0065A61C /* BudgetSummaryItem.swift in Sources */ = {isa = PBXBuildFile; fileRef = FA183D502D0C706F0065A61C /* BudgetSummaryItem.swift */; };
		FA183D532D0C720D0065A61C /* BudgetItemDescription.swift in Sources */ = {isa = PBXBuildFile; fileRef = FA183D522D0C720D0065A61C /* BudgetItemDescription.swift */; };
		FA183D562D0C7EAC0065A61C /* PotsViewComponent.swift in Sources */ = {isa = PBXBuildFile; fileRef = FA183D552D0C7EAC0065A61C /* PotsViewComponent.swift */; };
		FA183D582D0C90800065A61C /* ComparableExtension.swift in Sources */ = {isa = PBXBuildFile; fileRef = FA183D572D0C90800065A61C /* ComparableExtension.swift */; };
		FA183D5B2D0DA5B70065A61C /* TotalBillsComponent.swift in Sources */ = {isa = PBXBuildFile; fileRef = FA183D5A2D0DA5B70065A61C /* TotalBillsComponent.swift */; };
		FA183D5D2D0DA9FD0065A61C /* RecurringSummary.swift in Sources */ = {isa = PBXBuildFile; fileRef = FA183D5C2D0DA9FD0065A61C /* RecurringSummary.swift */; };
		FA183D5F2D0DAACE0065A61C /* BillComponent.swift in Sources */ = {isa = PBXBuildFile; fileRef = FA183D5E2D0DAACE0065A61C /* BillComponent.swift */; };
		FA183D642D0DB1E90065A61C /* TransactionModel.swift in Sources */ = {isa = PBXBuildFile; fileRef = FA183D632D0DB1E90065A61C /* TransactionModel.swift */; };
		FA183D662D0DB2D70065A61C /* ThemeModel.swift in Sources */ = {isa = PBXBuildFile; fileRef = FA183D652D0DB2D70065A61C /* ThemeModel.swift */; };
		FA183D682D0DB3400065A61C /* PotsModel.swift in Sources */ = {isa = PBXBuildFile; fileRef = FA183D672D0DB3400065A61C /* PotsModel.swift */; };
		FA183D6A2D0DB3A90065A61C /* BudgetModel.swift in Sources */ = {isa = PBXBuildFile; fileRef = FA183D692D0DB3A90065A61C /* BudgetModel.swift */; };
		FA183D6C2D0DC79A0065A61C /* TransactionViewModel.swift in Sources */ = {isa = PBXBuildFile; fileRef = FA183D6B2D0DC79A0065A61C /* TransactionViewModel.swift */; };
		FA4DFED42D22BF5A007A643C /* AddPotSheet.swift in Sources */ = {isa = PBXBuildFile; fileRef = FA4DFED32D22BF5A007A643C /* AddPotSheet.swift */; };
		FA8932B42D1AB2E50050A50C /* AddBudgetSheet.swift in Sources */ = {isa = PBXBuildFile; fileRef = FA8932B32D1AB2E50050A50C /* AddBudgetSheet.swift */; };
		FA8932B62D1ABC5E0050A50C /* ColorDropDown.swift in Sources */ = {isa = PBXBuildFile; fileRef = FA8932B52D1ABC5E0050A50C /* ColorDropDown.swift */; };
		FAA06FEA2D0F49370009249A /* PotsViewModel.swift in Sources */ = {isa = PBXBuildFile; fileRef = FAA06FE92D0F49370009249A /* PotsViewModel.swift */; };
		FAA06FEC2D0F4C3E0009249A /* BudgetsViewModel.swift in Sources */ = {isa = PBXBuildFile; fileRef = FAA06FEB2D0F4C3E0009249A /* BudgetsViewModel.swift */; };
		FAA06FEF2D10267D0009249A /* AddTransactionSheet.swift in Sources */ = {isa = PBXBuildFile; fileRef = FAA06FEE2D10267D0009249A /* AddTransactionSheet.swift */; };
		FAA06FF12D1029D00009249A /* CustomDatePicker.swift in Sources */ = {isa = PBXBuildFile; fileRef = FAA06FF02D1029D00009249A /* CustomDatePicker.swift */; };
		FAA06FF32D102A470009249A /* CustomDropDown.swift in Sources */ = {isa = PBXBuildFile; fileRef = FAA06FF22D102A470009249A /* CustomDropDown.swift */; };
		FAC0CF262D01CA010063ADEC /* PasswordFieldComponent.swift in Sources */ = {isa = PBXBuildFile; fileRef = FAC0CF252D01CA010063ADEC /* PasswordFieldComponent.swift */; };
		FAF215912D034DD400031CA6 /* SignUpView.swift in Sources */ = {isa = PBXBuildFile; fileRef = FAF215902D034DD400031CA6 /* SignUpView.swift */; };
		FAF215932D036B4900031CA6 /* HomeView.swift in Sources */ = {isa = PBXBuildFile; fileRef = FAF215922D036B4900031CA6 /* HomeView.swift */; };
		FAF215952D036BE300031CA6 /* SummaryCardComponent.swift in Sources */ = {isa = PBXBuildFile; fileRef = FAF215942D036BE300031CA6 /* SummaryCardComponent.swift */; };
/* End PBXBuildFile section */

/* Begin PBXFileReference section */
		FA123E542D00816100B67006 /* PennyTrail.app */ = {isa = PBXFileReference; explicitFileType = wrapper.application; includeInIndex = 0; path = PennyTrail.app; sourceTree = BUILT_PRODUCTS_DIR; };
		FA123E572D00816100B67006 /* PennyTrailApp.swift */ = {isa = PBXFileReference; lastKnownFileType = sourcecode.swift; path = PennyTrailApp.swift; sourceTree = "<group>"; };
		FA123E592D00816100B67006 /* ContentView.swift */ = {isa = PBXFileReference; lastKnownFileType = sourcecode.swift; path = ContentView.swift; sourceTree = "<group>"; };
		FA123E5B2D00816400B67006 /* Assets.xcassets */ = {isa = PBXFileReference; lastKnownFileType = folder.assetcatalog; path = Assets.xcassets; sourceTree = "<group>"; };
		FA123E5E2D00816400B67006 /* Preview Assets.xcassets */ = {isa = PBXFileReference; lastKnownFileType = folder.assetcatalog; path = "Preview Assets.xcassets"; sourceTree = "<group>"; };
		FA123E692D008B1800B67006 /* LoginView.swift */ = {isa = PBXFileReference; lastKnownFileType = sourcecode.swift; path = LoginView.swift; sourceTree = "<group>"; };
		FA123E6D2D00969400B67006 /* ColorsExtension.swift */ = {isa = PBXFileReference; lastKnownFileType = sourcecode.swift; path = ColorsExtension.swift; sourceTree = "<group>"; };
		FA183D282D0ACDD00065A61C /* PotsComponents.swift */ = {isa = PBXFileReference; lastKnownFileType = sourcecode.swift; path = PotsComponents.swift; sourceTree = "<group>"; };
		FA183D2A2D0ACE650065A61C /* CardHeaderComponents.swift */ = {isa = PBXFileReference; lastKnownFileType = sourcecode.swift; path = CardHeaderComponents.swift; sourceTree = "<group>"; };
		FA183D2C2D0AD24C0065A61C /* SavedComponets.swift */ = {isa = PBXFileReference; lastKnownFileType = sourcecode.swift; path = SavedComponets.swift; sourceTree = "<group>"; };
		FA183D2E2D0AD9430065A61C /* SavedItemComponent.swift */ = {isa = PBXFileReference; lastKnownFileType = sourcecode.swift; path = SavedItemComponent.swift; sourceTree = "<group>"; };
		FA183D302D0B70950065A61C /* TransactionItemComponent.swift */ = {isa = PBXFileReference; lastKnownFileType = sourcecode.swift; path = TransactionItemComponent.swift; sourceTree = "<group>"; };
		FA183D322D0BF6C60065A61C /* TransactionComponent.swift */ = {isa = PBXFileReference; lastKnownFileType = sourcecode.swift; path = TransactionComponent.swift; sourceTree = "<group>"; };
		FA183D352D0C0FF20065A61C /* DonutChart.swift */ = {isa = PBXFileReference; lastKnownFileType = sourcecode.swift; path = DonutChart.swift; sourceTree = "<group>"; };
		FA183D372D0C154C0065A61C /* BudgetComponent.swift */ = {isa = PBXFileReference; lastKnownFileType = sourcecode.swift; path = BudgetComponent.swift; sourceTree = "<group>"; };
		FA183D392D0C33EC0065A61C /* RecurringComponent.swift */ = {isa = PBXFileReference; lastKnownFileType = sourcecode.swift; path = RecurringComponent.swift; sourceTree = "<group>"; };
		FA183D3B2D0C34330065A61C /* RecuuringItemComponent.swift */ = {isa = PBXFileReference; lastKnownFileType = sourcecode.swift; path = RecuuringItemComponent.swift; sourceTree = "<group>"; };
		FA183D3E2D0C3D030065A61C /* TransactionView.swift */ = {isa = PBXFileReference; lastKnownFileType = sourcecode.swift; path = TransactionView.swift; sourceTree = "<group>"; };
		FA183D402D0C3D1E0065A61C /* BudgetView.swift */ = {isa = PBXFileReference; lastKnownFileType = sourcecode.swift; path = BudgetView.swift; sourceTree = "<group>"; };
		FA183D432D0C3D4F0065A61C /* PotsView.swift */ = {isa = PBXFileReference; lastKnownFileType = sourcecode.swift; path = PotsView.swift; sourceTree = "<group>"; };
		FA183D452D0C3D860065A61C /* RecurringBillView.swift */ = {isa = PBXFileReference; lastKnownFileType = sourcecode.swift; path = RecurringBillView.swift; sourceTree = "<group>"; };
		FA183D472D0C3F2B0065A61C /* MainView.swift */ = {isa = PBXFileReference; lastKnownFileType = sourcecode.swift; path = MainView.swift; sourceTree = "<group>"; };
		FA183D492D0C5ED00065A61C /* SearchFieldComponent.swift */ = {isa = PBXFileReference; lastKnownFileType = sourcecode.swift; path = SearchFieldComponent.swift; sourceTree = "<group>"; };
		FA183D4C2D0C6EAF0065A61C /* BudgetSummary.swift */ = {isa = PBXFileReference; lastKnownFileType = sourcecode.swift; path = BudgetSummary.swift; sourceTree = "<group>"; };
		FA183D4E2D0C6F500065A61C /* BudgetItemComponent.swift */ = {isa = PBXFileReference; lastKnownFileType = sourcecode.swift; path = BudgetItemComponent.swift; sourceTree = "<group>"; };
		FA183D502D0C706F0065A61C /* BudgetSummaryItem.swift */ = {isa = PBXFileReference; lastKnownFileType = sourcecode.swift; path = BudgetSummaryItem.swift; sourceTree = "<group>"; };
		FA183D522D0C720D0065A61C /* BudgetItemDescription.swift */ = {isa = PBXFileReference; lastKnownFileType = sourcecode.swift; path = BudgetItemDescription.swift; sourceTree = "<group>"; };
		FA183D552D0C7EAC0065A61C /* PotsViewComponent.swift */ = {isa = PBXFileReference; lastKnownFileType = sourcecode.swift; path = PotsViewComponent.swift; sourceTree = "<group>"; };
		FA183D572D0C90800065A61C /* ComparableExtension.swift */ = {isa = PBXFileReference; lastKnownFileType = sourcecode.swift; path = ComparableExtension.swift; sourceTree = "<group>"; };
		FA183D5A2D0DA5B70065A61C /* TotalBillsComponent.swift */ = {isa = PBXFileReference; lastKnownFileType = sourcecode.swift; path = TotalBillsComponent.swift; sourceTree = "<group>"; };
		FA183D5C2D0DA9FD0065A61C /* RecurringSummary.swift */ = {isa = PBXFileReference; lastKnownFileType = sourcecode.swift; path = RecurringSummary.swift; sourceTree = "<group>"; };
		FA183D5E2D0DAACE0065A61C /* BillComponent.swift */ = {isa = PBXFileReference; lastKnownFileType = sourcecode.swift; path = BillComponent.swift; sourceTree = "<group>"; };
		FA183D632D0DB1E90065A61C /* TransactionModel.swift */ = {isa = PBXFileReference; lastKnownFileType = sourcecode.swift; path = TransactionModel.swift; sourceTree = "<group>"; };
		FA183D652D0DB2D70065A61C /* ThemeModel.swift */ = {isa = PBXFileReference; lastKnownFileType = sourcecode.swift; path = ThemeModel.swift; sourceTree = "<group>"; };
		FA183D672D0DB3400065A61C /* PotsModel.swift */ = {isa = PBXFileReference; lastKnownFileType = sourcecode.swift; path = PotsModel.swift; sourceTree = "<group>"; };
		FA183D692D0DB3A90065A61C /* BudgetModel.swift */ = {isa = PBXFileReference; lastKnownFileType = sourcecode.swift; path = BudgetModel.swift; sourceTree = "<group>"; };
		FA183D6B2D0DC79A0065A61C /* TransactionViewModel.swift */ = {isa = PBXFileReference; lastKnownFileType = sourcecode.swift; path = TransactionViewModel.swift; sourceTree = "<group>"; };
		FA4DFED32D22BF5A007A643C /* AddPotSheet.swift */ = {isa = PBXFileReference; lastKnownFileType = sourcecode.swift; path = AddPotSheet.swift; sourceTree = "<group>"; };
		FA8932B32D1AB2E50050A50C /* AddBudgetSheet.swift */ = {isa = PBXFileReference; lastKnownFileType = sourcecode.swift; path = AddBudgetSheet.swift; sourceTree = "<group>"; };
		FA8932B52D1ABC5E0050A50C /* ColorDropDown.swift */ = {isa = PBXFileReference; lastKnownFileType = sourcecode.swift; path = ColorDropDown.swift; sourceTree = "<group>"; };
		FAA06FE92D0F49370009249A /* PotsViewModel.swift */ = {isa = PBXFileReference; lastKnownFileType = sourcecode.swift; path = PotsViewModel.swift; sourceTree = "<group>"; };
		FAA06FEB2D0F4C3E0009249A /* BudgetsViewModel.swift */ = {isa = PBXFileReference; lastKnownFileType = sourcecode.swift; path = BudgetsViewModel.swift; sourceTree = "<group>"; };
		FAA06FEE2D10267D0009249A /* AddTransactionSheet.swift */ = {isa = PBXFileReference; lastKnownFileType = sourcecode.swift; path = AddTransactionSheet.swift; sourceTree = "<group>"; };
		FAA06FF02D1029D00009249A /* CustomDatePicker.swift */ = {isa = PBXFileReference; lastKnownFileType = sourcecode.swift; path = CustomDatePicker.swift; sourceTree = "<group>"; };
		FAA06FF22D102A470009249A /* CustomDropDown.swift */ = {isa = PBXFileReference; lastKnownFileType = sourcecode.swift; path = CustomDropDown.swift; sourceTree = "<group>"; };
		FAC0CF252D01CA010063ADEC /* PasswordFieldComponent.swift */ = {isa = PBXFileReference; lastKnownFileType = sourcecode.swift; path = PasswordFieldComponent.swift; sourceTree = "<group>"; };
		FAF215902D034DD400031CA6 /* SignUpView.swift */ = {isa = PBXFileReference; lastKnownFileType = sourcecode.swift; path = SignUpView.swift; sourceTree = "<group>"; };
		FAF215922D036B4900031CA6 /* HomeView.swift */ = {isa = PBXFileReference; lastKnownFileType = sourcecode.swift; path = HomeView.swift; sourceTree = "<group>"; };
		FAF215942D036BE300031CA6 /* SummaryCardComponent.swift */ = {isa = PBXFileReference; lastKnownFileType = sourcecode.swift; path = SummaryCardComponent.swift; sourceTree = "<group>"; };
/* End PBXFileReference section */

/* Begin PBXFrameworksBuildPhase section */
		FA123E512D00816100B67006 /* Frameworks */ = {
			isa = PBXFrameworksBuildPhase;
			buildActionMask = 2147483647;
			files = (
			);
			runOnlyForDeploymentPostprocessing = 0;
		};
/* End PBXFrameworksBuildPhase section */

/* Begin PBXGroup section */
		FA123E4B2D00816100B67006 = {
			isa = PBXGroup;
			children = (
				FA123E562D00816100B67006 /* PennyTrail */,
				FA123E552D00816100B67006 /* Products */,
			);
			sourceTree = "<group>";
		};
		FA123E552D00816100B67006 /* Products */ = {
			isa = PBXGroup;
			children = (
				FA123E542D00816100B67006 /* PennyTrail.app */,
			);
			name = Products;
			sourceTree = "<group>";
		};
		FA123E562D00816100B67006 /* PennyTrail */ = {
			isa = PBXGroup;
			children = (
				FAC0CF242D01C9DE0063ADEC /* Components */,
				FA123E6C2D00965B00B67006 /* Services */,
				FA123E682D008A1800B67006 /* Utils */,
				FA123E672D008A1200B67006 /* View */,
				FA123E662D008A0500B67006 /* View Model */,
				FA123E652D0089F700B67006 /* Model */,
				FA123E572D00816100B67006 /* PennyTrailApp.swift */,
				FA123E592D00816100B67006 /* ContentView.swift */,
				FA123E5B2D00816400B67006 /* Assets.xcassets */,
				FA123E5D2D00816400B67006 /* Preview Content */,
			);
			path = PennyTrail;
			sourceTree = "<group>";
		};
		FA123E5D2D00816400B67006 /* Preview Content */ = {
			isa = PBXGroup;
			children = (
				FA123E5E2D00816400B67006 /* Preview Assets.xcassets */,
			);
			path = "Preview Content";
			sourceTree = "<group>";
		};
		FA123E652D0089F700B67006 /* Model */ = {
			isa = PBXGroup;
			children = (
				FA183D632D0DB1E90065A61C /* TransactionModel.swift */,
				FA183D652D0DB2D70065A61C /* ThemeModel.swift */,
				FA183D672D0DB3400065A61C /* PotsModel.swift */,
				FA183D692D0DB3A90065A61C /* BudgetModel.swift */,
			);
			path = Model;
			sourceTree = "<group>";
		};
		FA123E662D008A0500B67006 /* View Model */ = {
			isa = PBXGroup;
			children = (
				FA183D6B2D0DC79A0065A61C /* TransactionViewModel.swift */,
				FAA06FE92D0F49370009249A /* PotsViewModel.swift */,
				FAA06FEB2D0F4C3E0009249A /* BudgetsViewModel.swift */,
			);
			path = "View Model";
			sourceTree = "<group>";
		};
		FA123E672D008A1200B67006 /* View */ = {
			isa = PBXGroup;
			children = (
				FA123E692D008B1800B67006 /* LoginView.swift */,
				FAF215902D034DD400031CA6 /* SignUpView.swift */,
				FAF215922D036B4900031CA6 /* HomeView.swift */,
				FA183D3E2D0C3D030065A61C /* TransactionView.swift */,
				FA183D402D0C3D1E0065A61C /* BudgetView.swift */,
				FA183D432D0C3D4F0065A61C /* PotsView.swift */,
				FA183D452D0C3D860065A61C /* RecurringBillView.swift */,
				FA183D472D0C3F2B0065A61C /* MainView.swift */,
			);
			path = View;
			sourceTree = "<group>";
		};
		FA123E682D008A1800B67006 /* Utils */ = {
			isa = PBXGroup;
			children = (
				FA123E6D2D00969400B67006 /* ColorsExtension.swift */,
				FA183D572D0C90800065A61C /* ComparableExtension.swift */,
			);
			path = Utils;
			sourceTree = "<group>";
		};
		FA123E6C2D00965B00B67006 /* Services */ = {
			isa = PBXGroup;
			children = (
			);
			path = Services;
			sourceTree = "<group>";
		};
		FA183D342D0C0FC90065A61C /* Chart */ = {
			isa = PBXGroup;
			children = (
				FA183D352D0C0FF20065A61C /* DonutChart.swift */,
			);
			path = Chart;
			sourceTree = "<group>";
		};
		FA183D4B2D0C6E8D0065A61C /* Budget */ = {
			isa = PBXGroup;
			children = (
				FA183D4C2D0C6EAF0065A61C /* BudgetSummary.swift */,
				FA183D4E2D0C6F500065A61C /* BudgetItemComponent.swift */,
				FA183D502D0C706F0065A61C /* BudgetSummaryItem.swift */,
				FA183D522D0C720D0065A61C /* BudgetItemDescription.swift */,
			);
			path = Budget;
			sourceTree = "<group>";
		};
		FA183D542D0C7E830065A61C /* Pots */ = {
			isa = PBXGroup;
			children = (
				FA183D552D0C7EAC0065A61C /* PotsViewComponent.swift */,
			);
			path = Pots;
			sourceTree = "<group>";
		};
		FA183D592D0DA58A0065A61C /* recurring bills */ = {
			isa = PBXGroup;
			children = (
				FA183D5A2D0DA5B70065A61C /* TotalBillsComponent.swift */,
				FA183D5C2D0DA9FD0065A61C /* RecurringSummary.swift */,
				FA183D5E2D0DAACE0065A61C /* BillComponent.swift */,
			);
			path = "recurring bills";
			sourceTree = "<group>";
		};
		FAA06FED2D1026340009249A /* Sheets */ = {
			isa = PBXGroup;
			children = (
				FAA06FF02D1029D00009249A /* CustomDatePicker.swift */,
				FAA06FF22D102A470009249A /* CustomDropDown.swift */,
				FAA06FEE2D10267D0009249A /* AddTransactionSheet.swift */,
				FA8932B32D1AB2E50050A50C /* AddBudgetSheet.swift */,
				FA8932B52D1ABC5E0050A50C /* ColorDropDown.swift */,
				FA4DFED32D22BF5A007A643C /* AddPotSheet.swift */,
			);
			path = Sheets;
			sourceTree = "<group>";
		};
		FAC0CF242D01C9DE0063ADEC /* Components */ = {
			isa = PBXGroup;
			children = (
				FAA06FED2D1026340009249A /* Sheets */,
				FA183D592D0DA58A0065A61C /* recurring bills */,
				FA183D542D0C7E830065A61C /* Pots */,
				FA183D4B2D0C6E8D0065A61C /* Budget */,
				FA183D342D0C0FC90065A61C /* Chart */,
				FAC0CF252D01CA010063ADEC /* PasswordFieldComponent.swift */,
				FAF215942D036BE300031CA6 /* SummaryCardComponent.swift */,
				FA183D282D0ACDD00065A61C /* PotsComponents.swift */,
				FA183D2A2D0ACE650065A61C /* CardHeaderComponents.swift */,
				FA183D2C2D0AD24C0065A61C /* SavedComponets.swift */,
				FA183D2E2D0AD9430065A61C /* SavedItemComponent.swift */,
				FA183D302D0B70950065A61C /* TransactionItemComponent.swift */,
				FA183D322D0BF6C60065A61C /* TransactionComponent.swift */,
				FA183D372D0C154C0065A61C /* BudgetComponent.swift */,
				FA183D392D0C33EC0065A61C /* RecurringComponent.swift */,
				FA183D3B2D0C34330065A61C /* RecuuringItemComponent.swift */,
				FA183D492D0C5ED00065A61C /* SearchFieldComponent.swift */,
			);
			path = Components;
			sourceTree = "<group>";
		};
/* End PBXGroup section */

/* Begin PBXNativeTarget section */
		FA123E532D00816100B67006 /* PennyTrail */ = {
			isa = PBXNativeTarget;
			buildConfigurationList = FA123E622D00816400B67006 /* Build configuration list for PBXNativeTarget "PennyTrail" */;
			buildPhases = (
				FA123E502D00816100B67006 /* Sources */,
				FA123E512D00816100B67006 /* Frameworks */,
				FA123E522D00816100B67006 /* Resources */,
			);
			buildRules = (
			);
			dependencies = (
			);
			name = PennyTrail;
			productName = PennyTrail;
			productReference = FA123E542D00816100B67006 /* PennyTrail.app */;
			productType = "com.apple.product-type.application";
		};
/* End PBXNativeTarget section */

/* Begin PBXProject section */
		FA123E4C2D00816100B67006 /* Project object */ = {
			isa = PBXProject;
			attributes = {
				BuildIndependentTargetsInParallel = 1;
				LastSwiftUpdateCheck = 1520;
				LastUpgradeCheck = 1520;
				TargetAttributes = {
					FA123E532D00816100B67006 = {
						CreatedOnToolsVersion = 15.2;
					};
				};
			};
			buildConfigurationList = FA123E4F2D00816100B67006 /* Build configuration list for PBXProject "PennyTrail" */;
			compatibilityVersion = "Xcode 14.0";
			developmentRegion = en;
			hasScannedForEncodings = 0;
			knownRegions = (
				en,
				Base,
			);
			mainGroup = FA123E4B2D00816100B67006;
			productRefGroup = FA123E552D00816100B67006 /* Products */;
			projectDirPath = "";
			projectRoot = "";
			targets = (
				FA123E532D00816100B67006 /* PennyTrail */,
			);
		};
/* End PBXProject section */

/* Begin PBXResourcesBuildPhase section */
		FA123E522D00816100B67006 /* Resources */ = {
			isa = PBXResourcesBuildPhase;
			buildActionMask = 2147483647;
			files = (
				FA123E5F2D00816400B67006 /* Preview Assets.xcassets in Resources */,
				FA123E5C2D00816400B67006 /* Assets.xcassets in Resources */,
			);
			runOnlyForDeploymentPostprocessing = 0;
		};
/* End PBXResourcesBuildPhase section */

/* Begin PBXSourcesBuildPhase section */
		FA123E502D00816100B67006 /* Sources */ = {
			isa = PBXSourcesBuildPhase;
			buildActionMask = 2147483647;
			files = (
				FA183D362D0C0FF20065A61C /* DonutChart.swift in Sources */,
				FA183D6A2D0DB3A90065A61C /* BudgetModel.swift in Sources */,
				FAA06FF32D102A470009249A /* CustomDropDown.swift in Sources */,
				FA183D332D0BF6C70065A61C /* TransactionComponent.swift in Sources */,
				FA183D4A2D0C5ED00065A61C /* SearchFieldComponent.swift in Sources */,
				FA4DFED42D22BF5A007A643C /* AddPotSheet.swift in Sources */,
				FA183D582D0C90800065A61C /* ComparableExtension.swift in Sources */,
				FAA06FEA2D0F49370009249A /* PotsViewModel.swift in Sources */,
				FAF215952D036BE300031CA6 /* SummaryCardComponent.swift in Sources */,
				FA183D462D0C3D860065A61C /* RecurringBillView.swift in Sources */,
				FA183D2D2D0AD24C0065A61C /* SavedComponets.swift in Sources */,
				FA183D662D0DB2D70065A61C /* ThemeModel.swift in Sources */,
				FA123E6A2D008B1800B67006 /* LoginView.swift in Sources */,
				FA183D3F2D0C3D030065A61C /* TransactionView.swift in Sources */,
				FA183D312D0B70950065A61C /* TransactionItemComponent.swift in Sources */,
				FA183D4F2D0C6F500065A61C /* BudgetItemComponent.swift in Sources */,
				FA183D2B2D0ACE650065A61C /* CardHeaderComponents.swift in Sources */,
				FA183D562D0C7EAC0065A61C /* PotsViewComponent.swift in Sources */,
				FA183D6C2D0DC79A0065A61C /* TransactionViewModel.swift in Sources */,
				FA183D292D0ACDD00065A61C /* PotsComponents.swift in Sources */,
				FA183D412D0C3D1E0065A61C /* BudgetView.swift in Sources */,
				FA8932B42D1AB2E50050A50C /* AddBudgetSheet.swift in Sources */,
				FA183D4D2D0C6EAF0065A61C /* BudgetSummary.swift in Sources */,
				FA183D5D2D0DA9FD0065A61C /* RecurringSummary.swift in Sources */,
				FA183D5B2D0DA5B70065A61C /* TotalBillsComponent.swift in Sources */,
				FA8932B62D1ABC5E0050A50C /* ColorDropDown.swift in Sources */,
				FA183D5F2D0DAACE0065A61C /* BillComponent.swift in Sources */,
				FAF215932D036B4900031CA6 /* HomeView.swift in Sources */,
				FA123E5A2D00816100B67006 /* ContentView.swift in Sources */,
				FAC0CF262D01CA010063ADEC /* PasswordFieldComponent.swift in Sources */,
				FAA06FF12D1029D00009249A /* CustomDatePicker.swift in Sources */,
				FA183D512D0C706F0065A61C /* BudgetSummaryItem.swift in Sources */,
				FAA06FEC2D0F4C3E0009249A /* BudgetsViewModel.swift in Sources */,
				FA183D2F2D0AD9430065A61C /* SavedItemComponent.swift in Sources */,
				FA183D642D0DB1E90065A61C /* TransactionModel.swift in Sources */,
				FA123E582D00816100B67006 /* PennyTrailApp.swift in Sources */,
				FA183D532D0C720D0065A61C /* BudgetItemDescription.swift in Sources */,
				FA183D442D0C3D4F0065A61C /* PotsView.swift in Sources */,
				FA183D682D0DB3400065A61C /* PotsModel.swift in Sources */,
				FAF215912D034DD400031CA6 /* SignUpView.swift in Sources */,
				FAA06FEF2D10267D0009249A /* AddTransactionSheet.swift in Sources */,
				FA183D382D0C154C0065A61C /* BudgetComponent.swift in Sources */,
				FA183D482D0C3F2B0065A61C /* MainView.swift in Sources */,
				FA123E6E2D00969400B67006 /* ColorsExtension.swift in Sources */,
				FA183D3A2D0C33EC0065A61C /* RecurringComponent.swift in Sources */,
				FA183D3C2D0C34330065A61C /* RecuuringItemComponent.swift in Sources */,
			);
			runOnlyForDeploymentPostprocessing = 0;
		};
/* End PBXSourcesBuildPhase section */

/* Begin XCBuildConfiguration section */
		FA123E602D00816400B67006 /* Debug */ = {
			isa = XCBuildConfiguration;
			buildSettings = {
				ALWAYS_SEARCH_USER_PATHS = NO;
				ASSETCATALOG_COMPILER_GENERATE_SWIFT_ASSET_SYMBOL_EXTENSIONS = YES;
				CLANG_ANALYZER_NONNULL = YES;
				CLANG_ANALYZER_NUMBER_OBJECT_CONVERSION = YES_AGGRESSIVE;
				CLANG_CXX_LANGUAGE_STANDARD = "gnu++20";
				CLANG_ENABLE_MODULES = YES;
				CLANG_ENABLE_OBJC_ARC = YES;
				CLANG_ENABLE_OBJC_WEAK = YES;
				CLANG_WARN_BLOCK_CAPTURE_AUTORELEASING = YES;
				CLANG_WARN_BOOL_CONVERSION = YES;
				CLANG_WARN_COMMA = YES;
				CLANG_WARN_CONSTANT_CONVERSION = YES;
				CLANG_WARN_DEPRECATED_OBJC_IMPLEMENTATIONS = YES;
				CLANG_WARN_DIRECT_OBJC_ISA_USAGE = YES_ERROR;
				CLANG_WARN_DOCUMENTATION_COMMENTS = YES;
				CLANG_WARN_EMPTY_BODY = YES;
				CLANG_WARN_ENUM_CONVERSION = YES;
				CLANG_WARN_INFINITE_RECURSION = YES;
				CLANG_WARN_INT_CONVERSION = YES;
				CLANG_WARN_NON_LITERAL_NULL_CONVERSION = YES;
				CLANG_WARN_OBJC_IMPLICIT_RETAIN_SELF = YES;
				CLANG_WARN_OBJC_LITERAL_CONVERSION = YES;
				CLANG_WARN_OBJC_ROOT_CLASS = YES_ERROR;
				CLANG_WARN_QUOTED_INCLUDE_IN_FRAMEWORK_HEADER = YES;
				CLANG_WARN_RANGE_LOOP_ANALYSIS = YES;
				CLANG_WARN_STRICT_PROTOTYPES = YES;
				CLANG_WARN_SUSPICIOUS_MOVE = YES;
				CLANG_WARN_UNGUARDED_AVAILABILITY = YES_AGGRESSIVE;
				CLANG_WARN_UNREACHABLE_CODE = YES;
				CLANG_WARN__DUPLICATE_METHOD_MATCH = YES;
				COPY_PHASE_STRIP = NO;
				DEBUG_INFORMATION_FORMAT = dwarf;
				ENABLE_STRICT_OBJC_MSGSEND = YES;
				ENABLE_TESTABILITY = YES;
				ENABLE_USER_SCRIPT_SANDBOXING = YES;
				GCC_C_LANGUAGE_STANDARD = gnu17;
				GCC_DYNAMIC_NO_PIC = NO;
				GCC_NO_COMMON_BLOCKS = YES;
				GCC_OPTIMIZATION_LEVEL = 0;
				GCC_PREPROCESSOR_DEFINITIONS = (
					"DEBUG=1",
					"$(inherited)",
				);
				GCC_WARN_64_TO_32_BIT_CONVERSION = YES;
				GCC_WARN_ABOUT_RETURN_TYPE = YES_ERROR;
				GCC_WARN_UNDECLARED_SELECTOR = YES;
				GCC_WARN_UNINITIALIZED_AUTOS = YES_AGGRESSIVE;
				GCC_WARN_UNUSED_FUNCTION = YES;
				GCC_WARN_UNUSED_VARIABLE = YES;
				IPHONEOS_DEPLOYMENT_TARGET = 17.2;
				LOCALIZATION_PREFERS_STRING_CATALOGS = YES;
				MTL_ENABLE_DEBUG_INFO = INCLUDE_SOURCE;
				MTL_FAST_MATH = YES;
				ONLY_ACTIVE_ARCH = YES;
				SDKROOT = iphoneos;
				SWIFT_ACTIVE_COMPILATION_CONDITIONS = "DEBUG $(inherited)";
				SWIFT_OPTIMIZATION_LEVEL = "-Onone";
			};
			name = Debug;
		};
		FA123E612D00816400B67006 /* Release */ = {
			isa = XCBuildConfiguration;
			buildSettings = {
				ALWAYS_SEARCH_USER_PATHS = NO;
				ASSETCATALOG_COMPILER_GENERATE_SWIFT_ASSET_SYMBOL_EXTENSIONS = YES;
				CLANG_ANALYZER_NONNULL = YES;
				CLANG_ANALYZER_NUMBER_OBJECT_CONVERSION = YES_AGGRESSIVE;
				CLANG_CXX_LANGUAGE_STANDARD = "gnu++20";
				CLANG_ENABLE_MODULES = YES;
				CLANG_ENABLE_OBJC_ARC = YES;
				CLANG_ENABLE_OBJC_WEAK = YES;
				CLANG_WARN_BLOCK_CAPTURE_AUTORELEASING = YES;
				CLANG_WARN_BOOL_CONVERSION = YES;
				CLANG_WARN_COMMA = YES;
				CLANG_WARN_CONSTANT_CONVERSION = YES;
				CLANG_WARN_DEPRECATED_OBJC_IMPLEMENTATIONS = YES;
				CLANG_WARN_DIRECT_OBJC_ISA_USAGE = YES_ERROR;
				CLANG_WARN_DOCUMENTATION_COMMENTS = YES;
				CLANG_WARN_EMPTY_BODY = YES;
				CLANG_WARN_ENUM_CONVERSION = YES;
				CLANG_WARN_INFINITE_RECURSION = YES;
				CLANG_WARN_INT_CONVERSION = YES;
				CLANG_WARN_NON_LITERAL_NULL_CONVERSION = YES;
				CLANG_WARN_OBJC_IMPLICIT_RETAIN_SELF = YES;
				CLANG_WARN_OBJC_LITERAL_CONVERSION = YES;
				CLANG_WARN_OBJC_ROOT_CLASS = YES_ERROR;
				CLANG_WARN_QUOTED_INCLUDE_IN_FRAMEWORK_HEADER = YES;
				CLANG_WARN_RANGE_LOOP_ANALYSIS = YES;
				CLANG_WARN_STRICT_PROTOTYPES = YES;
				CLANG_WARN_SUSPICIOUS_MOVE = YES;
				CLANG_WARN_UNGUARDED_AVAILABILITY = YES_AGGRESSIVE;
				CLANG_WARN_UNREACHABLE_CODE = YES;
				CLANG_WARN__DUPLICATE_METHOD_MATCH = YES;
				COPY_PHASE_STRIP = NO;
				DEBUG_INFORMATION_FORMAT = "dwarf-with-dsym";
				ENABLE_NS_ASSERTIONS = NO;
				ENABLE_STRICT_OBJC_MSGSEND = YES;
				ENABLE_USER_SCRIPT_SANDBOXING = YES;
				GCC_C_LANGUAGE_STANDARD = gnu17;
				GCC_NO_COMMON_BLOCKS = YES;
				GCC_WARN_64_TO_32_BIT_CONVERSION = YES;
				GCC_WARN_ABOUT_RETURN_TYPE = YES_ERROR;
				GCC_WARN_UNDECLARED_SELECTOR = YES;
				GCC_WARN_UNINITIALIZED_AUTOS = YES_AGGRESSIVE;
				GCC_WARN_UNUSED_FUNCTION = YES;
				GCC_WARN_UNUSED_VARIABLE = YES;
				IPHONEOS_DEPLOYMENT_TARGET = 17.2;
				LOCALIZATION_PREFERS_STRING_CATALOGS = YES;
				MTL_ENABLE_DEBUG_INFO = NO;
				MTL_FAST_MATH = YES;
				SDKROOT = iphoneos;
				SWIFT_COMPILATION_MODE = wholemodule;
				VALIDATE_PRODUCT = YES;
			};
			name = Release;
		};
		FA123E632D00816400B67006 /* Debug */ = {
			isa = XCBuildConfiguration;
			buildSettings = {
				ASSETCATALOG_COMPILER_APPICON_NAME = AppIcon;
				ASSETCATALOG_COMPILER_GLOBAL_ACCENT_COLOR_NAME = AccentColor;
				CODE_SIGN_STYLE = Automatic;
				CURRENT_PROJECT_VERSION = 1;
				DEVELOPMENT_ASSET_PATHS = "\"PennyTrail/Preview Content\"";
				DEVELOPMENT_TEAM = XC2749YQ74;
				ENABLE_PREVIEWS = YES;
				GENERATE_INFOPLIST_FILE = YES;
				INFOPLIST_KEY_UIApplicationSceneManifest_Generation = YES;
				INFOPLIST_KEY_UIApplicationSupportsIndirectInputEvents = YES;
				INFOPLIST_KEY_UILaunchScreen_Generation = YES;
				INFOPLIST_KEY_UISupportedInterfaceOrientations_iPad = "UIInterfaceOrientationPortrait UIInterfaceOrientationPortraitUpsideDown UIInterfaceOrientationLandscapeLeft UIInterfaceOrientationLandscapeRight";
				INFOPLIST_KEY_UISupportedInterfaceOrientations_iPhone = "UIInterfaceOrientationPortrait UIInterfaceOrientationLandscapeLeft UIInterfaceOrientationLandscapeRight";
				LD_RUNPATH_SEARCH_PATHS = (
					"$(inherited)",
					"@executable_path/Frameworks",
				);
				MARKETING_VERSION = 1.0;
				PRODUCT_BUNDLE_IDENTIFIER = com.allanmuturi.PennyTrail;
				PRODUCT_NAME = "$(TARGET_NAME)";
				SWIFT_EMIT_LOC_STRINGS = YES;
				SWIFT_VERSION = 5.0;
				TARGETED_DEVICE_FAMILY = "1,2";
			};
			name = Debug;
		};
		FA123E642D00816400B67006 /* Release */ = {
			isa = XCBuildConfiguration;
			buildSettings = {
				ASSETCATALOG_COMPILER_APPICON_NAME = AppIcon;
				ASSETCATALOG_COMPILER_GLOBAL_ACCENT_COLOR_NAME = AccentColor;
				CODE_SIGN_STYLE = Automatic;
				CURRENT_PROJECT_VERSION = 1;
				DEVELOPMENT_ASSET_PATHS = "\"PennyTrail/Preview Content\"";
				DEVELOPMENT_TEAM = XC2749YQ74;
				ENABLE_PREVIEWS = YES;
				GENERATE_INFOPLIST_FILE = YES;
				INFOPLIST_KEY_UIApplicationSceneManifest_Generation = YES;
				INFOPLIST_KEY_UIApplicationSupportsIndirectInputEvents = YES;
				INFOPLIST_KEY_UILaunchScreen_Generation = YES;
				INFOPLIST_KEY_UISupportedInterfaceOrientations_iPad = "UIInterfaceOrientationPortrait UIInterfaceOrientationPortraitUpsideDown UIInterfaceOrientationLandscapeLeft UIInterfaceOrientationLandscapeRight";
				INFOPLIST_KEY_UISupportedInterfaceOrientations_iPhone = "UIInterfaceOrientationPortrait UIInterfaceOrientationLandscapeLeft UIInterfaceOrientationLandscapeRight";
				LD_RUNPATH_SEARCH_PATHS = (
					"$(inherited)",
					"@executable_path/Frameworks",
				);
				MARKETING_VERSION = 1.0;
				PRODUCT_BUNDLE_IDENTIFIER = com.allanmuturi.PennyTrail;
				PRODUCT_NAME = "$(TARGET_NAME)";
				SWIFT_EMIT_LOC_STRINGS = YES;
				SWIFT_VERSION = 5.0;
				TARGETED_DEVICE_FAMILY = "1,2";
			};
			name = Release;
		};
/* End XCBuildConfiguration section */

/* Begin XCConfigurationList section */
		FA123E4F2D00816100B67006 /* Build configuration list for PBXProject "PennyTrail" */ = {
			isa = XCConfigurationList;
			buildConfigurations = (
				FA123E602D00816400B67006 /* Debug */,
				FA123E612D00816400B67006 /* Release */,
			);
			defaultConfigurationIsVisible = 0;
			defaultConfigurationName = Release;
		};
		FA123E622D00816400B67006 /* Build configuration list for PBXNativeTarget "PennyTrail" */ = {
			isa = XCConfigurationList;
			buildConfigurations = (
				FA123E632D00816400B67006 /* Debug */,
				FA123E642D00816400B67006 /* Release */,
			);
			defaultConfigurationIsVisible = 0;
			defaultConfigurationName = Release;
		};
/* End XCConfigurationList section */
	};
	rootObject = FA123E4C2D00816100B67006 /* Project object */;
}
